
Microsoft Visual Studio Solution File, Format Version 12.00
# Visual Studio Version 17
VisualStudioVersion = 17.0.32112.339
MinimumVisualStudioVersion = 10.0.40219.1
Project("{FAE04EC0-301F-11D3-BF4B-00C04F79EFBC}") = "InAndOut", "InAndOut\InAndOut.csproj", "{E4319EFD-8208-4DA2-9242-EB2D98D696F7}"
EndProject
Global
	GlobalSection(SolutionConfigurationPlatforms) = preSolution
		Debug|Any CPU = Debug|Any CPU
		Release|Any CPU = Release|Any CPU
	EndGlobalSection
	GlobalSection(ProjectConfigurationPlatforms) = postSolution
		{E4319EFD-8208-4DA2-9242-EB2D98D696F7}.Debug|Any CPU.ActiveCfg = Debug|Any CPU
		{E4319EFD-8208-4DA2-9242-EB2D98D696F7}.Debug|Any CPU.Build.0 = Debug|Any CPU
		{E4319EFD-8208-4DA2-9242-EB2D98D696F7}.Release|Any CPU.ActiveCfg = Release|Any CPU
		{E4319EFD-8208-4DA2-9242-EB2D98D696F7}.Release|Any CPU.Build.0 = Release|Any CPU
	EndGlobalSection
	GlobalSection(SolutionProperties) = preSolution
		HideSolutionNode = FALSE
	EndGlobalSection
	GlobalSection(ExtensibilityGlobals) = postSolution
		SolutionGuid = {6A697875-DF6D-4A62-8B36-508899CDA890}
	EndGlobalSection
EndGlobal
